
Microsoft Visual Studio Solution File, Format Version 12.00
# Visual Studio Version 17
VisualStudioVersion = 17.4.33213.308
MinimumVisualStudioVersion = 10.0.40219.1
Project("{9A19103F-16F7-4668-BE54-9A1E7A4F7556}") = "BeatSaberMan", "BeatSaberMan.csproj", "{DB63D620-DC79-43F6-B930-9D7F9D099BB8}"
EndProject
Project("{2150E333-8FDC-42A3-9474-1A3956D46DE8}") = "Solution Items", "Solution Items", "{7E9E2FD7-A5B6-467E-AA7E-EDE3A1D36E10}"
EndProject
Project("{54435603-DBB4-11D2-8724-00A0C9A8B90C}") = "Installer", "Installer\Installer.vdproj", "{0DC57285-BF81-42A6-A726-A9CB2B0CAC73}"
EndProject
Global
	GlobalSection(SolutionConfigurationPlatforms) = preSolution
		Debug|Any CPU = Debug|Any CPU
		Release|Any CPU = Release|Any CPU
	EndGlobalSection
	GlobalSection(ProjectConfigurationPlatforms) = postSolution
		{DB63D620-DC79-43F6-B930-9D7F9D099BB8}.Debug|Any CPU.ActiveCfg = Debug|Any CPU
		{DB63D620-DC79-43F6-B930-9D7F9D099BB8}.Debug|Any CPU.Build.0 = Debug|Any CPU
		{DB63D620-DC79-43F6-B930-9D7F9D099BB8}.Release|Any CPU.ActiveCfg = Release|Any CPU
		{DB63D620-DC79-43F6-B930-9D7F9D099BB8}.Release|Any CPU.Build.0 = Release|Any CPU
		{0DC57285-BF81-42A6-A726-A9CB2B0CAC73}.Debug|Any CPU.ActiveCfg = Debug
		{0DC57285-BF81-42A6-A726-A9CB2B0CAC73}.Release|Any CPU.ActiveCfg = Release
	EndGlobalSection
	GlobalSection(SolutionProperties) = preSolution
		HideSolutionNode = FALSE
	EndGlobalSection
	GlobalSection(ExtensibilityGlobals) = postSolution
		SolutionGuid = {243FC044-C8AE-4399-884D-5C991417DA81}
	EndGlobalSection
EndGlobal
